
Microsoft Visual Studio Solution File, Format Version 12.00
Project("{FAE04EC0-301F-11D3-BF4B-00C04F79EFBC}") = "AntlrTreeRewriter", "AntlrTreeRewriter\AntlrTreeRewriter.csproj", "{070A6E21-9186-450D-8B91-9D24BC991222}"
EndProject
Project("{FAE04EC0-301F-11D3-BF4B-00C04F79EFBC}") = "AntlrTreeRewriterTests", "AntlrTreeRewriterTests\AntlrTreeRewriterTests.csproj", "{305A199D-3088-4355-A545-40851392BDB0}"
EndProject
Global
	GlobalSection(SolutionConfigurationPlatforms) = preSolution
		Debug|Any CPU = Debug|Any CPU
		Release|Any CPU = Release|Any CPU
	EndGlobalSection
	GlobalSection(ProjectConfigurationPlatforms) = postSolution
		{070A6E21-9186-450D-8B91-9D24BC991222}.Debug|Any CPU.ActiveCfg = Debug|Any CPU
		{070A6E21-9186-450D-8B91-9D24BC991222}.Debug|Any CPU.Build.0 = Debug|Any CPU
		{070A6E21-9186-450D-8B91-9D24BC991222}.Release|Any CPU.ActiveCfg = Release|Any CPU
		{070A6E21-9186-450D-8B91-9D24BC991222}.Release|Any CPU.Build.0 = Release|Any CPU
		{305A199D-3088-4355-A545-40851392BDB0}.Debug|Any CPU.ActiveCfg = Debug|Any CPU
		{305A199D-3088-4355-A545-40851392BDB0}.Debug|Any CPU.Build.0 = Debug|Any CPU
		{305A199D-3088-4355-A545-40851392BDB0}.Release|Any CPU.ActiveCfg = Release|Any CPU
		{305A199D-3088-4355-A545-40851392BDB0}.Release|Any CPU.Build.0 = Release|Any CPU
	EndGlobalSection
EndGlobal
